
Microsoft Visual Studio Solution File, Format Version 12.00
# Visual Studio Version 17
VisualStudioVersion = 17.9.34607.119
MinimumVisualStudioVersion = 10.0.40219.1
Project("{FAE04EC0-301F-11D3-BF4B-00C04F79EFBC}") = "ORMDapper", "ORMDapper.csproj", "{7C22748A-F73B-4A60-832E-ADD47D819710}"
EndProject
Global
	GlobalSection(SolutionConfigurationPlatforms) = preSolution
		Debug|Any CPU = Debug|Any CPU
		Release|Any CPU = Release|Any CPU
	EndGlobalSection
	GlobalSection(ProjectConfigurationPlatforms) = postSolution
		{7C22748A-F73B-4A60-832E-ADD47D819710}.Debug|Any CPU.ActiveCfg = Debug|Any CPU
		{7C22748A-F73B-4A60-832E-ADD47D819710}.Debug|Any CPU.Build.0 = Debug|Any CPU
		{7C22748A-F73B-4A60-832E-ADD47D819710}.Release|Any CPU.ActiveCfg = Release|Any CPU
		{7C22748A-F73B-4A60-832E-ADD47D819710}.Release|Any CPU.Build.0 = Release|Any CPU
	EndGlobalSection
	GlobalSection(SolutionProperties) = preSolution
		HideSolutionNode = FALSE
	EndGlobalSection
	GlobalSection(ExtensibilityGlobals) = postSolution
		SolutionGuid = {2DA3F9F0-60CA-4CC2-AEB0-1E88413BE9B5}
	EndGlobalSection
EndGlobal
